
Microsoft Visual Studio Solution File, Format Version 12.00
# Visual Studio Version 17
VisualStudioVersion = 17.11.35327.3
MinimumVisualStudioVersion = 10.0.40219.1
Project("{2150E333-8FDC-42A3-9474-1A3956D46DE8}") = "src", "src", "{F74BE7EC-8EB4-42B7-B3C2-532B77AA6A26}"
EndProject
Project("{2150E333-8FDC-42A3-9474-1A3956D46DE8}") = "tests", "tests", "{94EE4457-2072-4A6A-9389-5F923A0E8077}"
EndProject
Project("{2150E333-8FDC-42A3-9474-1A3956D46DE8}") = "Solution Items", "Solution Items", "{44950ACC-F05B-406D-A683-B6E69E400C76}"
	ProjectSection(SolutionItems) = preProject
		.editorconfig = .editorconfig
		config.alloy = config.alloy
		docker-compose.yml = docker-compose.yml
		Dockerfile = Dockerfile
		loki-config.yaml = loki-config.yaml
	EndProjectSection
EndProject
Project("{9A19103F-16F7-4668-BE54-9A1E7A4F7556}") = "Y.Authentication.Api", "src\Y.Authentication.Api\Y.Authentication.Api.csproj", "{9AD4AD3E-D504-4949-AF27-44903D5B748A}"
EndProject
Project("{9A19103F-16F7-4668-BE54-9A1E7A4F7556}") = "Y.Authentication.Application", "src\Y.Authentication.Application\Y.Authentication.Application.csproj", "{2C57C82B-724B-401A-87FB-75C3BF0C0EC8}"
EndProject
Project("{9A19103F-16F7-4668-BE54-9A1E7A4F7556}") = "Y.Authentication.Domain", "src\Y.Authentication.Domain\Y.Authentication.Domain.csproj", "{FEA982FC-BF79-428A-AB2E-AF46135E5714}"
EndProject
Project("{9A19103F-16F7-4668-BE54-9A1E7A4F7556}") = "Y.Authentication.Infrastructure", "src\Y.Authentication.Infrastructure\Y.Authentication.Infrastructure.csproj", "{4B32D2EC-357F-4688-A48A-EDF41BBFC6A0}"
EndProject
Project("{9A19103F-16F7-4668-BE54-9A1E7A4F7556}") = "Y.Authentication.Presentation", "src\Y.Authentication.Presentation\Y.Authentication.Presentation.csproj", "{877745AF-5083-4322-8457-F8EEA8CA32D2}"
EndProject
Project("{9A19103F-16F7-4668-BE54-9A1E7A4F7556}") = "Y.Authentication.UnitTest", "tests\Y.Authentication.UnitTest\Y.Authentication.UnitTest.csproj", "{C18092CD-0E8F-4A01-AE1E-3A785785A27C}"
EndProject
Global
	GlobalSection(SolutionConfigurationPlatforms) = preSolution
		Debug|Any CPU = Debug|Any CPU
		Release|Any CPU = Release|Any CPU
	EndGlobalSection
	GlobalSection(ProjectConfigurationPlatforms) = postSolution
		{9AD4AD3E-D504-4949-AF27-44903D5B748A}.Debug|Any CPU.ActiveCfg = Debug|Any CPU
		{9AD4AD3E-D504-4949-AF27-44903D5B748A}.Debug|Any CPU.Build.0 = Debug|Any CPU
		{9AD4AD3E-D504-4949-AF27-44903D5B748A}.Release|Any CPU.ActiveCfg = Release|Any CPU
		{9AD4AD3E-D504-4949-AF27-44903D5B748A}.Release|Any CPU.Build.0 = Release|Any CPU
		{2C57C82B-724B-401A-87FB-75C3BF0C0EC8}.Debug|Any CPU.ActiveCfg = Debug|Any CPU
		{2C57C82B-724B-401A-87FB-75C3BF0C0EC8}.Debug|Any CPU.Build.0 = Debug|Any CPU
		{2C57C82B-724B-401A-87FB-75C3BF0C0EC8}.Release|Any CPU.ActiveCfg = Release|Any CPU
		{2C57C82B-724B-401A-87FB-75C3BF0C0EC8}.Release|Any CPU.Build.0 = Release|Any CPU
		{FEA982FC-BF79-428A-AB2E-AF46135E5714}.Debug|Any CPU.ActiveCfg = Debug|Any CPU
		{FEA982FC-BF79-428A-AB2E-AF46135E5714}.Debug|Any CPU.Build.0 = Debug|Any CPU
		{FEA982FC-BF79-428A-AB2E-AF46135E5714}.Release|Any CPU.ActiveCfg = Release|Any CPU
		{FEA982FC-BF79-428A-AB2E-AF46135E5714}.Release|Any CPU.Build.0 = Release|Any CPU
		{4B32D2EC-357F-4688-A48A-EDF41BBFC6A0}.Debug|Any CPU.ActiveCfg = Debug|Any CPU
		{4B32D2EC-357F-4688-A48A-EDF41BBFC6A0}.Debug|Any CPU.Build.0 = Debug|Any CPU
		{4B32D2EC-357F-4688-A48A-EDF41BBFC6A0}.Release|Any CPU.ActiveCfg = Release|Any CPU
		{4B32D2EC-357F-4688-A48A-EDF41BBFC6A0}.Release|Any CPU.Build.0 = Release|Any CPU
		{877745AF-5083-4322-8457-F8EEA8CA32D2}.Debug|Any CPU.ActiveCfg = Debug|Any CPU
		{877745AF-5083-4322-8457-F8EEA8CA32D2}.Debug|Any CPU.Build.0 = Debug|Any CPU
		{877745AF-5083-4322-8457-F8EEA8CA32D2}.Release|Any CPU.ActiveCfg = Release|Any CPU
		{877745AF-5083-4322-8457-F8EEA8CA32D2}.Release|Any CPU.Build.0 = Release|Any CPU
		{C18092CD-0E8F-4A01-AE1E-3A785785A27C}.Debug|Any CPU.ActiveCfg = Debug|Any CPU
		{C18092CD-0E8F-4A01-AE1E-3A785785A27C}.Debug|Any CPU.Build.0 = Debug|Any CPU
		{C18092CD-0E8F-4A01-AE1E-3A785785A27C}.Release|Any CPU.ActiveCfg = Release|Any CPU
		{C18092CD-0E8F-4A01-AE1E-3A785785A27C}.Release|Any CPU.Build.0 = Release|Any CPU
	EndGlobalSection
	GlobalSection(SolutionProperties) = preSolution
		HideSolutionNode = FALSE
	EndGlobalSection
	GlobalSection(NestedProjects) = preSolution
		{9AD4AD3E-D504-4949-AF27-44903D5B748A} = {F74BE7EC-8EB4-42B7-B3C2-532B77AA6A26}
		{2C57C82B-724B-401A-87FB-75C3BF0C0EC8} = {F74BE7EC-8EB4-42B7-B3C2-532B77AA6A26}
		{FEA982FC-BF79-428A-AB2E-AF46135E5714} = {F74BE7EC-8EB4-42B7-B3C2-532B77AA6A26}
		{4B32D2EC-357F-4688-A48A-EDF41BBFC6A0} = {F74BE7EC-8EB4-42B7-B3C2-532B77AA6A26}
		{877745AF-5083-4322-8457-F8EEA8CA32D2} = {F74BE7EC-8EB4-42B7-B3C2-532B77AA6A26}
		{C18092CD-0E8F-4A01-AE1E-3A785785A27C} = {94EE4457-2072-4A6A-9389-5F923A0E8077}
	EndGlobalSection
	GlobalSection(ExtensibilityGlobals) = postSolution
		SolutionGuid = {83D2C11D-3789-4406-A742-77248F407D9E}
	EndGlobalSection
EndGlobal
